
Microsoft Visual Studio Solution File, Format Version 12.00
# Visual Studio Version 17
VisualStudioVersion = 17.8.34316.72
MinimumVisualStudioVersion = 10.0.40219.1
Project("{9A19103F-16F7-4668-BE54-9A1E7A4F7556}") = "BankAPI", "BankAPI\BankAPI.csproj", "{917981A8-6558-4AC1-861C-4FF5ED9C2804}"
EndProject
Project("{9A19103F-16F7-4668-BE54-9A1E7A4F7556}") = "Client", "Client\Client.csproj", "{E0954C27-1DE0-4534-BC0F-D302A20F9142}"
EndProject
Project("{9A19103F-16F7-4668-BE54-9A1E7A4F7556}") = "SharedClass", "Shared\SharedClass.csproj", "{04E6D939-9295-490B-94CA-9B68E3FA18B6}"
EndProject
Global
	GlobalSection(SolutionConfigurationPlatforms) = preSolution
		Debug|Any CPU = Debug|Any CPU
		Release|Any CPU = Release|Any CPU
	EndGlobalSection
	GlobalSection(ProjectConfigurationPlatforms) = postSolution
		{917981A8-6558-4AC1-861C-4FF5ED9C2804}.Debug|Any CPU.ActiveCfg = Debug|Any CPU
		{917981A8-6558-4AC1-861C-4FF5ED9C2804}.Debug|Any CPU.Build.0 = Debug|Any CPU
		{917981A8-6558-4AC1-861C-4FF5ED9C2804}.Release|Any CPU.ActiveCfg = Release|Any CPU
		{917981A8-6558-4AC1-861C-4FF5ED9C2804}.Release|Any CPU.Build.0 = Release|Any CPU
		{E0954C27-1DE0-4534-BC0F-D302A20F9142}.Debug|Any CPU.ActiveCfg = Debug|Any CPU
		{E0954C27-1DE0-4534-BC0F-D302A20F9142}.Debug|Any CPU.Build.0 = Debug|Any CPU
		{E0954C27-1DE0-4534-BC0F-D302A20F9142}.Release|Any CPU.ActiveCfg = Release|Any CPU
		{E0954C27-1DE0-4534-BC0F-D302A20F9142}.Release|Any CPU.Build.0 = Release|Any CPU
		{04E6D939-9295-490B-94CA-9B68E3FA18B6}.Debug|Any CPU.ActiveCfg = Debug|Any CPU
		{04E6D939-9295-490B-94CA-9B68E3FA18B6}.Debug|Any CPU.Build.0 = Debug|Any CPU
		{04E6D939-9295-490B-94CA-9B68E3FA18B6}.Release|Any CPU.ActiveCfg = Release|Any CPU
		{04E6D939-9295-490B-94CA-9B68E3FA18B6}.Release|Any CPU.Build.0 = Release|Any CPU
	EndGlobalSection
	GlobalSection(SolutionProperties) = preSolution
		HideSolutionNode = FALSE
	EndGlobalSection
	GlobalSection(ExtensibilityGlobals) = postSolution
		SolutionGuid = {8ACD62DD-0260-4E32-A43F-5F2453FE597E}
	EndGlobalSection
EndGlobal
